
Microsoft Visual Studio Solution File, Format Version 12.00
# Visual Studio 15
VisualStudioVersion = 15.0.28010.2046
MinimumVisualStudioVersion = 10.0.40219.1
Project("{FAE04EC0-301F-11D3-BF4B-00C04F79EFBC}") = "SQLiteDemo", "SQLiteDemo\SQLiteDemo.csproj", "{0F86A0A3-6E7E-4070-BA85-F5ACF26CA9A4}"
EndProject
Project("{FAE04EC0-301F-11D3-BF4B-00C04F79EFBC}") = "DemoLibrary", "DemoLibrary\DemoLibrary.csproj", "{AD0E2CED-378E-46B9-9E9D-BE492A190173}"
EndProject
Global
	GlobalSection(SolutionConfigurationPlatforms) = preSolution
		Debug|Any CPU = Debug|Any CPU
		Release|Any CPU = Release|Any CPU
	EndGlobalSection
	GlobalSection(ProjectConfigurationPlatforms) = postSolution
		{0F86A0A3-6E7E-4070-BA85-F5ACF26CA9A4}.Debug|Any CPU.ActiveCfg = Debug|Any CPU
		{0F86A0A3-6E7E-4070-BA85-F5ACF26CA9A4}.Debug|Any CPU.Build.0 = Debug|Any CPU
		{0F86A0A3-6E7E-4070-BA85-F5ACF26CA9A4}.Release|Any CPU.ActiveCfg = Release|Any CPU
		{0F86A0A3-6E7E-4070-BA85-F5ACF26CA9A4}.Release|Any CPU.Build.0 = Release|Any CPU
		{AD0E2CED-378E-46B9-9E9D-BE492A190173}.Debug|Any CPU.ActiveCfg = Debug|Any CPU
		{AD0E2CED-378E-46B9-9E9D-BE492A190173}.Debug|Any CPU.Build.0 = Debug|Any CPU
		{AD0E2CED-378E-46B9-9E9D-BE492A190173}.Release|Any CPU.ActiveCfg = Release|Any CPU
		{AD0E2CED-378E-46B9-9E9D-BE492A190173}.Release|Any CPU.Build.0 = Release|Any CPU
	EndGlobalSection
	GlobalSection(SolutionProperties) = preSolution
		HideSolutionNode = FALSE
	EndGlobalSection
	GlobalSection(ExtensibilityGlobals) = postSolution
		SolutionGuid = {C9BAB2CA-5305-491D-B48C-B60C3763BD8B}
	EndGlobalSection
EndGlobal
